
Microsoft Visual Studio Solution File, Format Version 12.00
# Visual Studio Version 17
VisualStudioVersion = 17.2.32602.215
MinimumVisualStudioVersion = 10.0.40219.1
Project("{FAE04EC0-301F-11D3-BF4B-00C04F79EFBC}") = "CalculadoraGitHub", "CalculadoraGitHub\CalculadoraGitHub.csproj", "{417CDAD7-7A3C-490B-982A-D96D599588DC}"
EndProject
Global
	GlobalSection(SolutionConfigurationPlatforms) = preSolution
		Debug|Any CPU = Debug|Any CPU
		Release|Any CPU = Release|Any CPU
	EndGlobalSection
	GlobalSection(ProjectConfigurationPlatforms) = postSolution
		{417CDAD7-7A3C-490B-982A-D96D599588DC}.Debug|Any CPU.ActiveCfg = Debug|Any CPU
		{417CDAD7-7A3C-490B-982A-D96D599588DC}.Debug|Any CPU.Build.0 = Debug|Any CPU
		{417CDAD7-7A3C-490B-982A-D96D599588DC}.Release|Any CPU.ActiveCfg = Release|Any CPU
		{417CDAD7-7A3C-490B-982A-D96D599588DC}.Release|Any CPU.Build.0 = Release|Any CPU
	EndGlobalSection
	GlobalSection(SolutionProperties) = preSolution
		HideSolutionNode = FALSE
	EndGlobalSection
	GlobalSection(ExtensibilityGlobals) = postSolution
		SolutionGuid = {D97DD9A8-383E-4932-83E7-C8AF2C73BC7D}
	EndGlobalSection
EndGlobal
